
Microsoft Visual Studio Solution File, Format Version 12.00
# Visual Studio Version 17
Project("{8BC9CEB8-8B4A-11D0-8D11-00A0C91BC942}") = "ALL_BUILD", "ALL_BUILD.vcxproj", "{725D0897-CA9A-3D30-8863-F66C882E30A4}"
	ProjectSection(ProjectDependencies) = postProject
		{25FEC875-773A-379C-BBF9-AFC1FADE31F1} = {25FEC875-773A-379C-BBF9-AFC1FADE31F1}
		{60B44023-5AB6-3533-8CB8-865F3568050A} = {60B44023-5AB6-3533-8CB8-865F3568050A}
		{9001196E-1DB7-3A24-8C0D-CF5F7D532E84} = {9001196E-1DB7-3A24-8C0D-CF5F7D532E84}
		{89B72822-D753-3C63-8A51-5707E7DEAAB2} = {89B72822-D753-3C63-8A51-5707E7DEAAB2}
		{2AE78B6C-867D-3617-B707-8CA35AF318EF} = {2AE78B6C-867D-3617-B707-8CA35AF318EF}
	EndProjectSection
EndProject
Project("{8BC9CEB8-8B4A-11D0-8D11-00A0C91BC942}") = "ZERO_CHECK", "ZERO_CHECK.vcxproj", "{25FEC875-773A-379C-BBF9-AFC1FADE31F1}"
	ProjectSection(ProjectDependencies) = postProject
	EndProjectSection
EndProject
Project("{8BC9CEB8-8B4A-11D0-8D11-00A0C91BC942}") = "filelang", "filelang.vcxproj", "{60B44023-5AB6-3533-8CB8-865F3568050A}"
	ProjectSection(ProjectDependencies) = postProject
		{25FEC875-773A-379C-BBF9-AFC1FADE31F1} = {25FEC875-773A-379C-BBF9-AFC1FADE31F1}
		{89B72822-D753-3C63-8A51-5707E7DEAAB2} = {89B72822-D753-3C63-8A51-5707E7DEAAB2}
		{2AE78B6C-867D-3617-B707-8CA35AF318EF} = {2AE78B6C-867D-3617-B707-8CA35AF318EF}
	EndProjectSection
EndProject
Project("{8BC9CEB8-8B4A-11D0-8D11-00A0C91BC942}") = "parser", "parser.vcxproj", "{9001196E-1DB7-3A24-8C0D-CF5F7D532E84}"
	ProjectSection(ProjectDependencies) = postProject
		{25FEC875-773A-379C-BBF9-AFC1FADE31F1} = {25FEC875-773A-379C-BBF9-AFC1FADE31F1}
	EndProjectSection
EndProject
Project("{8BC9CEB8-8B4A-11D0-8D11-00A0C91BC942}") = "tokenizer", "tokenizer.vcxproj", "{89B72822-D753-3C63-8A51-5707E7DEAAB2}"
	ProjectSection(ProjectDependencies) = postProject
		{25FEC875-773A-379C-BBF9-AFC1FADE31F1} = {25FEC875-773A-379C-BBF9-AFC1FADE31F1}
	EndProjectSection
EndProject
Project("{8BC9CEB8-8B4A-11D0-8D11-00A0C91BC942}") = "tools", "tools.vcxproj", "{2AE78B6C-867D-3617-B707-8CA35AF318EF}"
	ProjectSection(ProjectDependencies) = postProject
		{25FEC875-773A-379C-BBF9-AFC1FADE31F1} = {25FEC875-773A-379C-BBF9-AFC1FADE31F1}
	EndProjectSection
EndProject
Global
	GlobalSection(SolutionConfigurationPlatforms) = preSolution
		Debug|x64 = Debug|x64
		Release|x64 = Release|x64
		MinSizeRel|x64 = MinSizeRel|x64
		RelWithDebInfo|x64 = RelWithDebInfo|x64
	EndGlobalSection
	GlobalSection(ProjectConfigurationPlatforms) = postSolution
		{725D0897-CA9A-3D30-8863-F66C882E30A4}.Debug|x64.ActiveCfg = Debug|x64
		{725D0897-CA9A-3D30-8863-F66C882E30A4}.Release|x64.ActiveCfg = Release|x64
		{725D0897-CA9A-3D30-8863-F66C882E30A4}.MinSizeRel|x64.ActiveCfg = MinSizeRel|x64
		{725D0897-CA9A-3D30-8863-F66C882E30A4}.RelWithDebInfo|x64.ActiveCfg = RelWithDebInfo|x64
		{25FEC875-773A-379C-BBF9-AFC1FADE31F1}.Debug|x64.ActiveCfg = Debug|x64
		{25FEC875-773A-379C-BBF9-AFC1FADE31F1}.Debug|x64.Build.0 = Debug|x64
		{25FEC875-773A-379C-BBF9-AFC1FADE31F1}.Release|x64.ActiveCfg = Release|x64
		{25FEC875-773A-379C-BBF9-AFC1FADE31F1}.Release|x64.Build.0 = Release|x64
		{25FEC875-773A-379C-BBF9-AFC1FADE31F1}.MinSizeRel|x64.ActiveCfg = MinSizeRel|x64
		{25FEC875-773A-379C-BBF9-AFC1FADE31F1}.MinSizeRel|x64.Build.0 = MinSizeRel|x64
		{25FEC875-773A-379C-BBF9-AFC1FADE31F1}.RelWithDebInfo|x64.ActiveCfg = RelWithDebInfo|x64
		{25FEC875-773A-379C-BBF9-AFC1FADE31F1}.RelWithDebInfo|x64.Build.0 = RelWithDebInfo|x64
		{60B44023-5AB6-3533-8CB8-865F3568050A}.Debug|x64.ActiveCfg = Debug|x64
		{60B44023-5AB6-3533-8CB8-865F3568050A}.Debug|x64.Build.0 = Debug|x64
		{60B44023-5AB6-3533-8CB8-865F3568050A}.Release|x64.ActiveCfg = Release|x64
		{60B44023-5AB6-3533-8CB8-865F3568050A}.Release|x64.Build.0 = Release|x64
		{60B44023-5AB6-3533-8CB8-865F3568050A}.MinSizeRel|x64.ActiveCfg = MinSizeRel|x64
		{60B44023-5AB6-3533-8CB8-865F3568050A}.MinSizeRel|x64.Build.0 = MinSizeRel|x64
		{60B44023-5AB6-3533-8CB8-865F3568050A}.RelWithDebInfo|x64.ActiveCfg = RelWithDebInfo|x64
		{60B44023-5AB6-3533-8CB8-865F3568050A}.RelWithDebInfo|x64.Build.0 = RelWithDebInfo|x64
		{9001196E-1DB7-3A24-8C0D-CF5F7D532E84}.Debug|x64.ActiveCfg = Debug|x64
		{9001196E-1DB7-3A24-8C0D-CF5F7D532E84}.Debug|x64.Build.0 = Debug|x64
		{9001196E-1DB7-3A24-8C0D-CF5F7D532E84}.Release|x64.ActiveCfg = Release|x64
		{9001196E-1DB7-3A24-8C0D-CF5F7D532E84}.Release|x64.Build.0 = Release|x64
		{9001196E-1DB7-3A24-8C0D-CF5F7D532E84}.MinSizeRel|x64.ActiveCfg = MinSizeRel|x64
		{9001196E-1DB7-3A24-8C0D-CF5F7D532E84}.MinSizeRel|x64.Build.0 = MinSizeRel|x64
		{9001196E-1DB7-3A24-8C0D-CF5F7D532E84}.RelWithDebInfo|x64.ActiveCfg = RelWithDebInfo|x64
		{9001196E-1DB7-3A24-8C0D-CF5F7D532E84}.RelWithDebInfo|x64.Build.0 = RelWithDebInfo|x64
		{89B72822-D753-3C63-8A51-5707E7DEAAB2}.Debug|x64.ActiveCfg = Debug|x64
		{89B72822-D753-3C63-8A51-5707E7DEAAB2}.Debug|x64.Build.0 = Debug|x64
		{89B72822-D753-3C63-8A51-5707E7DEAAB2}.Release|x64.ActiveCfg = Release|x64
		{89B72822-D753-3C63-8A51-5707E7DEAAB2}.Release|x64.Build.0 = Release|x64
		{89B72822-D753-3C63-8A51-5707E7DEAAB2}.MinSizeRel|x64.ActiveCfg = MinSizeRel|x64
		{89B72822-D753-3C63-8A51-5707E7DEAAB2}.MinSizeRel|x64.Build.0 = MinSizeRel|x64
		{89B72822-D753-3C63-8A51-5707E7DEAAB2}.RelWithDebInfo|x64.ActiveCfg = RelWithDebInfo|x64
		{89B72822-D753-3C63-8A51-5707E7DEAAB2}.RelWithDebInfo|x64.Build.0 = RelWithDebInfo|x64
		{2AE78B6C-867D-3617-B707-8CA35AF318EF}.Debug|x64.ActiveCfg = Debug|x64
		{2AE78B6C-867D-3617-B707-8CA35AF318EF}.Debug|x64.Build.0 = Debug|x64
		{2AE78B6C-867D-3617-B707-8CA35AF318EF}.Release|x64.ActiveCfg = Release|x64
		{2AE78B6C-867D-3617-B707-8CA35AF318EF}.Release|x64.Build.0 = Release|x64
		{2AE78B6C-867D-3617-B707-8CA35AF318EF}.MinSizeRel|x64.ActiveCfg = MinSizeRel|x64
		{2AE78B6C-867D-3617-B707-8CA35AF318EF}.MinSizeRel|x64.Build.0 = MinSizeRel|x64
		{2AE78B6C-867D-3617-B707-8CA35AF318EF}.RelWithDebInfo|x64.ActiveCfg = RelWithDebInfo|x64
		{2AE78B6C-867D-3617-B707-8CA35AF318EF}.RelWithDebInfo|x64.Build.0 = RelWithDebInfo|x64
	EndGlobalSection
	GlobalSection(ExtensibilityGlobals) = postSolution
		SolutionGuid = {B8718ABF-5A3D-38AB-AC49-2FCEA6C4302B}
	EndGlobalSection
	GlobalSection(ExtensibilityAddIns) = postSolution
	EndGlobalSection
EndGlobal
