<?xml version="1.0" encoding="utf-8"?>
<Project ToolsVersion="17.0" xmlns="http://schemas.microsoft.com/developer/msbuild/2003">
  <ItemGroup>
    <CustomBuild Include="E:\clang\filelang\CMakeFiles\d3bbe4e1c7aea113577366cc31af7393\generate.stamp.rule">
      <Filter>CMake Rules</Filter>
    </CustomBuild>
  </ItemGroup>
  <ItemGroup>
    <Filter Include="CMake Rules">
      <UniqueIdentifier>{FD764E88-FD10-30B2-9D43-9F23FE671999}</UniqueIdentifier>
    </Filter>
  </ItemGroup>
</Project>
